
Microsoft Visual Studio Solution File, Format Version 12.00
# Visual Studio Version 17
VisualStudioVersion = 17.14.36221.1 d17.14
MinimumVisualStudioVersion = 10.0.40219.1
Project("{FAE04EC0-301F-11D3-BF4B-00C04F79EFBC}") = "BookstoreApi", "BookstoreApi.csproj", "{6CC6041F-AAFB-45AC-A47E-59F3B290EC9A}"
EndProject
Global
	GlobalSection(SolutionConfigurationPlatforms) = preSolution
		Debug|Any CPU = Debug|Any CPU
		Release|Any CPU = Release|Any CPU
	EndGlobalSection
	GlobalSection(ProjectConfigurationPlatforms) = postSolution
		{6CC6041F-AAFB-45AC-A47E-59F3B290EC9A}.Debug|Any CPU.ActiveCfg = Debug|Any CPU
		{6CC6041F-AAFB-45AC-A47E-59F3B290EC9A}.Debug|Any CPU.Build.0 = Debug|Any CPU
		{6CC6041F-AAFB-45AC-A47E-59F3B290EC9A}.Release|Any CPU.ActiveCfg = Release|Any CPU
		{6CC6041F-AAFB-45AC-A47E-59F3B290EC9A}.Release|Any CPU.Build.0 = Release|Any CPU
	EndGlobalSection
	GlobalSection(SolutionProperties) = preSolution
		HideSolutionNode = FALSE
	EndGlobalSection
	GlobalSection(ExtensibilityGlobals) = postSolution
		SolutionGuid = {B233BACA-2527-4452-9245-6CC77EF231C5}
	EndGlobalSection
EndGlobal
